
Microsoft Visual Studio Solution File, Format Version 12.00
# Visual Studio 15
VisualStudioVersion = 15.0.28010.0
MinimumVisualStudioVersion = 10.0.40219.1
Project("{FAE04EC0-301F-11D3-BF4B-00C04F79EFBC}") = "NewsLetterMVC", "NewsLetterMVC\NewsLetterMVC.csproj", "{F7D7D9DE-C1C2-4027-8A36-7E04CB690212}"
EndProject
Global
	GlobalSection(SolutionConfigurationPlatforms) = preSolution
		Debug|Any CPU = Debug|Any CPU
		Release|Any CPU = Release|Any CPU
	EndGlobalSection
	GlobalSection(ProjectConfigurationPlatforms) = postSolution
		{F7D7D9DE-C1C2-4027-8A36-7E04CB690212}.Debug|Any CPU.ActiveCfg = Debug|Any CPU
		{F7D7D9DE-C1C2-4027-8A36-7E04CB690212}.Debug|Any CPU.Build.0 = Debug|Any CPU
		{F7D7D9DE-C1C2-4027-8A36-7E04CB690212}.Release|Any CPU.ActiveCfg = Release|Any CPU
		{F7D7D9DE-C1C2-4027-8A36-7E04CB690212}.Release|Any CPU.Build.0 = Release|Any CPU
	EndGlobalSection
	GlobalSection(SolutionProperties) = preSolution
		HideSolutionNode = FALSE
	EndGlobalSection
	GlobalSection(ExtensibilityGlobals) = postSolution
		SolutionGuid = {0B3482F6-1650-4B01-84D0-4EE36F304A4B}
	EndGlobalSection
EndGlobal
